
Microsoft Visual Studio Solution File, Format Version 12.00
# Visual Studio 15
VisualStudioVersion = 15.0.28307.271
MinimumVisualStudioVersion = 10.0.40219.1
Project("{9A19103F-16F7-4668-BE54-9A1E7A4F7556}") = "ManualHelp.Api", "ManualHelp.Api\ManualHelp.Api.csproj", "{493D29D6-5C9F-47A4-9145-A0940ADE9E44}"
EndProject
Project("{2150E333-8FDC-42A3-9474-1A3956D46DE8}") = "src", "src", "{63E4634C-B500-439B-A280-A3958C1E75E8}"
EndProject
Project("{2150E333-8FDC-42A3-9474-1A3956D46DE8}") = "ManualHelp.Api", "ManualHelp.Api", "{D952C069-D0EC-40FF-BC40-474F8F76C790}"
EndProject
Project("{2150E333-8FDC-42A3-9474-1A3956D46DE8}") = "ManualHelp.Common", "ManualHelp.Common", "{1238A08F-7BFD-48E7-97E9-B7BD627280C8}"
EndProject
Project("{2150E333-8FDC-42A3-9474-1A3956D46DE8}") = "src", "src", "{1F8E8488-0493-4373-ABC6-CCD1B1A9384C}"
EndProject
Project("{2150E333-8FDC-42A3-9474-1A3956D46DE8}") = "test", "test", "{DBE6F4C7-78E7-4F14-B025-E53886355B18}"
EndProject
Project("{2150E333-8FDC-42A3-9474-1A3956D46DE8}") = "ManualHelp.Services.Identity", "ManualHelp.Services.Identity", "{C9D79E4D-8D4F-4467-8655-57476C143F33}"
EndProject
Project("{2150E333-8FDC-42A3-9474-1A3956D46DE8}") = "src", "src", "{F37CAC1A-543B-4FF4-9853-83B32964A6F4}"
EndProject
Project("{2150E333-8FDC-42A3-9474-1A3956D46DE8}") = "test", "test", "{9B3FD078-114E-44F9-A590-C26A99BABF77}"
EndProject
Project("{2150E333-8FDC-42A3-9474-1A3956D46DE8}") = "ManualHelp.Services.UserSkills", "ManualHelp.Services.UserSkills", "{A6408CCD-C74D-460B-A7A0-B5D97E61878E}"
EndProject
Project("{2150E333-8FDC-42A3-9474-1A3956D46DE8}") = "src", "src", "{1FA9943A-7C8B-49FB-AE38-F21504BAFC17}"
EndProject
Project("{2150E333-8FDC-42A3-9474-1A3956D46DE8}") = "test", "test", "{6E60F8CE-19A9-44F3-BDA0-CB3F80DB6762}"
EndProject
Project("{9A19103F-16F7-4668-BE54-9A1E7A4F7556}") = "ManualHelp.Common", "ManualHelp.Common\src\ManualHelApp.Common\ManualHelp.Common.csproj", "{819E3B8C-7804-41F9-A827-75D682C2FDF4}"
EndProject
Project("{2150E333-8FDC-42A3-9474-1A3956D46DE8}") = "ManualHelp.Services.Friends", "ManualHelp.Services.Friends", "{9078C17A-951C-401E-9FE5-EE76B331E582}"
EndProject
Project("{2150E333-8FDC-42A3-9474-1A3956D46DE8}") = "ManualHelp.Services.Notification", "ManualHelp.Services.Notification", "{6DF8C280-305A-499E-9ECD-A19C6927DC3F}"
EndProject
Project("{2150E333-8FDC-42A3-9474-1A3956D46DE8}") = "src", "src", "{83B0DF2D-87AC-4723-9AEE-0FE3CF1BFB7E}"
EndProject
Project("{2150E333-8FDC-42A3-9474-1A3956D46DE8}") = "test", "test", "{0E01E0A1-E2CD-4451-ACD0-8F0E98F451FF}"
EndProject
Project("{9A19103F-16F7-4668-BE54-9A1E7A4F7556}") = "ManualHelp.Services.Friends", "ManualHelp.Servicesw.Friends\ManualHelp.Services.Friends.csproj", "{E8A07FA7-BB2C-486C-A6F0-2C81135F33B2}"
EndProject
Project("{2150E333-8FDC-42A3-9474-1A3956D46DE8}") = "ManualHelp.Services.EventNotification", "ManualHelp.Services.EventNotification", "{0B32E7B9-9D94-4EEC-85CA-DCC1A891E00B}"
EndProject
Project("{2150E333-8FDC-42A3-9474-1A3956D46DE8}") = "src", "src", "{16EC3CFD-6258-4B53-8A09-D55289EDDFF3}"
EndProject
Project("{2150E333-8FDC-42A3-9474-1A3956D46DE8}") = "test", "test", "{8B90C4B4-58E7-4DD4-9C86-C2D6F6E1B723}"
EndProject
Project("{9A19103F-16F7-4668-BE54-9A1E7A4F7556}") = "ManualHelp.Service.EventNotification", "ManualHelp.Service.EventNotification\ManualHelp.Service.EventNotification.csproj", "{D1BF9420-2A44-480A-B2D4-48248F96E49D}"
EndProject
Project("{FAE04EC0-301F-11D3-BF4B-00C04F79EFBC}") = "ManualHelp.Service.Identity", "ManualHelp.Service.Identity\ManualHelp.Service.Identity.csproj", "{28EE9302-46F7-4A78-82BB-CC57294B39D4}"
EndProject
Global
	GlobalSection(SolutionConfigurationPlatforms) = preSolution
		Debug|Any CPU = Debug|Any CPU
		Release|Any CPU = Release|Any CPU
	EndGlobalSection
	GlobalSection(ProjectConfigurationPlatforms) = postSolution
		{493D29D6-5C9F-47A4-9145-A0940ADE9E44}.Debug|Any CPU.ActiveCfg = Debug|Any CPU
		{493D29D6-5C9F-47A4-9145-A0940ADE9E44}.Debug|Any CPU.Build.0 = Debug|Any CPU
		{493D29D6-5C9F-47A4-9145-A0940ADE9E44}.Release|Any CPU.ActiveCfg = Release|Any CPU
		{493D29D6-5C9F-47A4-9145-A0940ADE9E44}.Release|Any CPU.Build.0 = Release|Any CPU
		{819E3B8C-7804-41F9-A827-75D682C2FDF4}.Debug|Any CPU.ActiveCfg = Debug|Any CPU
		{819E3B8C-7804-41F9-A827-75D682C2FDF4}.Debug|Any CPU.Build.0 = Debug|Any CPU
		{819E3B8C-7804-41F9-A827-75D682C2FDF4}.Release|Any CPU.ActiveCfg = Release|Any CPU
		{819E3B8C-7804-41F9-A827-75D682C2FDF4}.Release|Any CPU.Build.0 = Release|Any CPU
		{E8A07FA7-BB2C-486C-A6F0-2C81135F33B2}.Debug|Any CPU.ActiveCfg = Debug|Any CPU
		{E8A07FA7-BB2C-486C-A6F0-2C81135F33B2}.Debug|Any CPU.Build.0 = Debug|Any CPU
		{E8A07FA7-BB2C-486C-A6F0-2C81135F33B2}.Release|Any CPU.ActiveCfg = Release|Any CPU
		{E8A07FA7-BB2C-486C-A6F0-2C81135F33B2}.Release|Any CPU.Build.0 = Release|Any CPU
		{D1BF9420-2A44-480A-B2D4-48248F96E49D}.Debug|Any CPU.ActiveCfg = Debug|Any CPU
		{D1BF9420-2A44-480A-B2D4-48248F96E49D}.Debug|Any CPU.Build.0 = Debug|Any CPU
		{D1BF9420-2A44-480A-B2D4-48248F96E49D}.Release|Any CPU.ActiveCfg = Release|Any CPU
		{D1BF9420-2A44-480A-B2D4-48248F96E49D}.Release|Any CPU.Build.0 = Release|Any CPU
		{28EE9302-46F7-4A78-82BB-CC57294B39D4}.Debug|Any CPU.ActiveCfg = Debug|Any CPU
		{28EE9302-46F7-4A78-82BB-CC57294B39D4}.Debug|Any CPU.Build.0 = Debug|Any CPU
		{28EE9302-46F7-4A78-82BB-CC57294B39D4}.Release|Any CPU.ActiveCfg = Release|Any CPU
		{28EE9302-46F7-4A78-82BB-CC57294B39D4}.Release|Any CPU.Build.0 = Release|Any CPU
	EndGlobalSection
	GlobalSection(SolutionProperties) = preSolution
		HideSolutionNode = FALSE
	EndGlobalSection
	GlobalSection(NestedProjects) = preSolution
		{493D29D6-5C9F-47A4-9145-A0940ADE9E44} = {63E4634C-B500-439B-A280-A3958C1E75E8}
		{63E4634C-B500-439B-A280-A3958C1E75E8} = {D952C069-D0EC-40FF-BC40-474F8F76C790}
		{1F8E8488-0493-4373-ABC6-CCD1B1A9384C} = {1238A08F-7BFD-48E7-97E9-B7BD627280C8}
		{DBE6F4C7-78E7-4F14-B025-E53886355B18} = {1238A08F-7BFD-48E7-97E9-B7BD627280C8}
		{F37CAC1A-543B-4FF4-9853-83B32964A6F4} = {C9D79E4D-8D4F-4467-8655-57476C143F33}
		{9B3FD078-114E-44F9-A590-C26A99BABF77} = {C9D79E4D-8D4F-4467-8655-57476C143F33}
		{1FA9943A-7C8B-49FB-AE38-F21504BAFC17} = {A6408CCD-C74D-460B-A7A0-B5D97E61878E}
		{6E60F8CE-19A9-44F3-BDA0-CB3F80DB6762} = {A6408CCD-C74D-460B-A7A0-B5D97E61878E}
		{819E3B8C-7804-41F9-A827-75D682C2FDF4} = {1F8E8488-0493-4373-ABC6-CCD1B1A9384C}
		{83B0DF2D-87AC-4723-9AEE-0FE3CF1BFB7E} = {9078C17A-951C-401E-9FE5-EE76B331E582}
		{0E01E0A1-E2CD-4451-ACD0-8F0E98F451FF} = {9078C17A-951C-401E-9FE5-EE76B331E582}
		{E8A07FA7-BB2C-486C-A6F0-2C81135F33B2} = {83B0DF2D-87AC-4723-9AEE-0FE3CF1BFB7E}
		{16EC3CFD-6258-4B53-8A09-D55289EDDFF3} = {0B32E7B9-9D94-4EEC-85CA-DCC1A891E00B}
		{8B90C4B4-58E7-4DD4-9C86-C2D6F6E1B723} = {0B32E7B9-9D94-4EEC-85CA-DCC1A891E00B}
		{D1BF9420-2A44-480A-B2D4-48248F96E49D} = {16EC3CFD-6258-4B53-8A09-D55289EDDFF3}
		{28EE9302-46F7-4A78-82BB-CC57294B39D4} = {F37CAC1A-543B-4FF4-9853-83B32964A6F4}
	EndGlobalSection
	GlobalSection(ExtensibilityGlobals) = postSolution
		SolutionGuid = {3A03E83F-F191-4190-99D1-B8805165C7CB}
	EndGlobalSection
EndGlobal
